{
  "name": "md-fix-tables",
  "version": "1.0.0",
  "lockfileVersion": 3,
  "requires": true,
  "packages": {
    "": {
      "name": "md-fix-tables",
      "version": "1.0.0",
      "license": "MIT",
      "dependencies": {
        "@hrg/inject-examples": "^1.0.0"
      }
    },
    "node_modules/@hrg/inject-examples": {
      "version": "1.0.0",
      "resolved": "https://registry.npmjs.org/@hrg/inject-examples/-/inject-examples-1.0.0.tgz",
      "integrity": "sha512-Dhdiekw5zaVDrfmLqVZ/xTLTQdNYWFNxaECtWwqv3fTla0r++OyWuzUMrQlMYmuO47t/qBxAjAH2FqwGayKfiw==",
      "license": "MIT",
      "bin": {
        "inject-examples": "cli.mjs"
      },
      "engines": {
        "node": ">=18"
      }
    }
  }
}
